github.com/eatMoreApple/binder v0.0.0-20210707104152-3c37bcf8cf12 h1:0XH+p+Su4RknKvC2WVYmEs1YfDKjI1fRI/Y25mezuus=
github.com/eatMoreApple/binder v0.0.0-20210707104152-3c37bcf8cf12/go.mod h1:ovb52iORoBuens/j5lLlkyA3TePTD/pb6/w+BzgGTNI=
github.com/eatMoreApple/validate v0.0.0-20210708001041-70985527c758 h1:p5O2RG/hv7euiXnfn2D5fymGrjct2pYizPJ1Q+CnZHg=
github.com/eatMoreApple/validate v0.0.0-20210708001041-70985527c758/go.mod h1:Ykf8ki/Cf6ijX8YGN/mILpiH10pFx5hzkFb96p/KVNA=
