github.com/eatmoreapple/binder v0.0.0-20210726045100-3f8f79df2a84 h1:cBC7qBoRx/0/H4GVyXoAhoyGbBtDCFTgFBhcTpzTxIM=
github.com/eatmoreapple/binder v0.0.0-20210726045100-3f8f79df2a84/go.mod h1:LS7ELZOgBUhJuN6HbfZ/1hVN4YWqe/tbYryifw+4pFY=
github.com/eatmoreapple/validate v0.0.0-20210726045835-22e15cd5e8a4 h1:/7SacP6YV8LWuwEhJIsSh4HsMo9ja5biT7XEKrlT/sM=
github.com/eatmoreapple/validate v0.0.0-20210726045835-22e15cd5e8a4/go.mod h1:Lb9A4nkTBMK+vJ3eiB3QDgzS1S6AFw4N5vULAi733Dk=
